
Microsoft Visual Studio Solution File, Format Version 12.00
# Visual Studio 15
VisualStudioVersion = 15.0.26124.0
MinimumVisualStudioVersion = 15.0.26124.0
Project("{FAE04EC0-301F-11D3-BF4B-00C04F79EFBC}") = "System.Collections.Immutable", "src\System.Collections.Immutable\System.Collections.Immutable.csproj", "{97A0D3DC-4C4E-42BE-BBA4-D07434F8B263}"
EndProject
Global
	GlobalSection(SolutionConfigurationPlatforms) = preSolution
		Debug|Any CPU = Debug|Any CPU
		Debug|x64 = Debug|x64
		Debug|x86 = Debug|x86
		Release|Any CPU = Release|Any CPU
		Release|x64 = Release|x64
		Release|x86 = Release|x86
	EndGlobalSection
	GlobalSection(ProjectConfigurationPlatforms) = postSolution
		{97A0D3DC-4C4E-42BE-BBA4-D07434F8B263}.Debug|Any CPU.ActiveCfg = Debug|Any CPU
		{97A0D3DC-4C4E-42BE-BBA4-D07434F8B263}.Debug|Any CPU.Build.0 = Debug|Any CPU
		{97A0D3DC-4C4E-42BE-BBA4-D07434F8B263}.Debug|x64.ActiveCfg = Debug|Any CPU
		{97A0D3DC-4C4E-42BE-BBA4-D07434F8B263}.Debug|x64.Build.0 = Debug|Any CPU
		{97A0D3DC-4C4E-42BE-BBA4-D07434F8B263}.Debug|x86.ActiveCfg = Debug|Any CPU
		{97A0D3DC-4C4E-42BE-BBA4-D07434F8B263}.Debug|x86.Build.0 = Debug|Any CPU
		{97A0D3DC-4C4E-42BE-BBA4-D07434F8B263}.Release|Any CPU.ActiveCfg = Release|Any CPU
		{97A0D3DC-4C4E-42BE-BBA4-D07434F8B263}.Release|Any CPU.Build.0 = Release|Any CPU
		{97A0D3DC-4C4E-42BE-BBA4-D07434F8B263}.Release|x64.ActiveCfg = Release|Any CPU
		{97A0D3DC-4C4E-42BE-BBA4-D07434F8B263}.Release|x64.Build.0 = Release|Any CPU
		{97A0D3DC-4C4E-42BE-BBA4-D07434F8B263}.Release|x86.ActiveCfg = Release|Any CPU
		{97A0D3DC-4C4E-42BE-BBA4-D07434F8B263}.Release|x86.Build.0 = Release|Any CPU
	EndGlobalSection
	GlobalSection(SolutionProperties) = preSolution
		HideSolutionNode = FALSE
	EndGlobalSection
	GlobalSection(ExtensibilityGlobals) = postSolution
		SolutionGuid = {C60C5C49-11AE-447B-A3AB-0B56108225E2}
	EndGlobalSection
EndGlobal
